
Microsoft Visual Studio Solution File, Format Version 12.00
# Visual Studio Version 17
VisualStudioVersion = 17.13.35828.75
MinimumVisualStudioVersion = 10.0.40219.1
Project("{FAE04EC0-301F-11D3-BF4B-00C04F79EFBC}") = "TestingPlatform", "lesson2_17_09_25\TestingPlatform.csproj", "{2866D914-5DCF-43C8-81C1-4B98D713F83B}"
	ProjectSection(ProjectDependencies) = postProject
		{C23B1F74-ECA9-4AE5-A315-28B68C45D39F} = {C23B1F74-ECA9-4AE5-A315-28B68C45D39F}
	EndProjectSection
EndProject
Project("{FAE04EC0-301F-11D3-BF4B-00C04F79EFBC}") = "TestingPlatform.Domain", "TestingPlatform.Domain\TestingPlatform.Domain.csproj", "{4666F999-7DD2-4890-9D73-A0696708EC34}"
EndProject
Project("{FAE04EC0-301F-11D3-BF4B-00C04F79EFBC}") = "TestingPlatform.Application", "TestingPlatform.Application\TestingPlatform.Application.csproj", "{4D9A27FD-89CB-4ED7-AD9C-8AA1E29DD9A3}"
EndProject
Project("{FAE04EC0-301F-11D3-BF4B-00C04F79EFBC}") = "TestingPlatform.Infrastructure", "TestingPlatform.Infrastructure\TestingPlatform.Infrastructure.csproj", "{C23B1F74-ECA9-4AE5-A315-28B68C45D39F}"
	ProjectSection(ProjectDependencies) = postProject
		{4666F999-7DD2-4890-9D73-A0696708EC34} = {4666F999-7DD2-4890-9D73-A0696708EC34}
	EndProjectSection
EndProject
Global
	GlobalSection(SolutionConfigurationPlatforms) = preSolution
		Debug|Any CPU = Debug|Any CPU
		Release|Any CPU = Release|Any CPU
	EndGlobalSection
	GlobalSection(ProjectConfigurationPlatforms) = postSolution
		{2866D914-5DCF-43C8-81C1-4B98D713F83B}.Debug|Any CPU.ActiveCfg = Debug|Any CPU
		{2866D914-5DCF-43C8-81C1-4B98D713F83B}.Debug|Any CPU.Build.0 = Debug|Any CPU
		{2866D914-5DCF-43C8-81C1-4B98D713F83B}.Release|Any CPU.ActiveCfg = Release|Any CPU
		{2866D914-5DCF-43C8-81C1-4B98D713F83B}.Release|Any CPU.Build.0 = Release|Any CPU
		{4666F999-7DD2-4890-9D73-A0696708EC34}.Debug|Any CPU.ActiveCfg = Debug|Any CPU
		{4666F999-7DD2-4890-9D73-A0696708EC34}.Debug|Any CPU.Build.0 = Debug|Any CPU
		{4666F999-7DD2-4890-9D73-A0696708EC34}.Release|Any CPU.ActiveCfg = Release|Any CPU
		{4666F999-7DD2-4890-9D73-A0696708EC34}.Release|Any CPU.Build.0 = Release|Any CPU
		{4D9A27FD-89CB-4ED7-AD9C-8AA1E29DD9A3}.Debug|Any CPU.ActiveCfg = Debug|Any CPU
		{4D9A27FD-89CB-4ED7-AD9C-8AA1E29DD9A3}.Debug|Any CPU.Build.0 = Debug|Any CPU
		{4D9A27FD-89CB-4ED7-AD9C-8AA1E29DD9A3}.Release|Any CPU.ActiveCfg = Release|Any CPU
		{4D9A27FD-89CB-4ED7-AD9C-8AA1E29DD9A3}.Release|Any CPU.Build.0 = Release|Any CPU
		{C23B1F74-ECA9-4AE5-A315-28B68C45D39F}.Debug|Any CPU.ActiveCfg = Debug|Any CPU
		{C23B1F74-ECA9-4AE5-A315-28B68C45D39F}.Debug|Any CPU.Build.0 = Debug|Any CPU
		{C23B1F74-ECA9-4AE5-A315-28B68C45D39F}.Release|Any CPU.ActiveCfg = Release|Any CPU
		{C23B1F74-ECA9-4AE5-A315-28B68C45D39F}.Release|Any CPU.Build.0 = Release|Any CPU
	EndGlobalSection
	GlobalSection(SolutionProperties) = preSolution
		HideSolutionNode = FALSE
	EndGlobalSection
	GlobalSection(ExtensibilityGlobals) = postSolution
		SolutionGuid = {07EF0015-BD12-40B3-A6E7-24B21668A0D0}
	EndGlobalSection
	GlobalSection(NDepend) = preSolution
		Project = ".\lesson2_17_09_25.ndproj"
	EndGlobalSection
EndGlobal
